{
  "lockfileVersion": 1,
  "configVersion": 1,
  "workspaces": {
    "": {
      "name": "bench-hono",
      "dependencies": {
        "hono": "4.13.5",
      },
    },
  },
  "packages": {
    "hono": ["hono@4.13.5", "https://registry.npmmirror.com/hono/-/hono-4.13.5.tgz", {}, "sha512-O6+/eCYRkzzzy0rPWwKLiGBR1nFuUPZynnwjxN1MBA62NNqbT0wQEzQyK2gSO5yDIDB336sXQleAhOHrzlYyKw=="],
  }
}
